
Microsoft Visual Studio Solution File, Format Version 12.00
# Visual Studio Version 17
VisualStudioVersion = 17.1.32210.238
MinimumVisualStudioVersion = 10.0.40219.1
Project("{9A19103F-16F7-4668-BE54-9A1E7A4F7556}") = "ExamEdu", "ExamEdu.csproj", "{C06F09B9-5DE7-43A4-97F1-157DA03FE6D4}"
EndProject
Global
	GlobalSection(SolutionConfigurationPlatforms) = preSolution
		Debug|Any CPU = Debug|Any CPU
		Release|Any CPU = Release|Any CPU
	EndGlobalSection
	GlobalSection(ProjectConfigurationPlatforms) = postSolution
		{C06F09B9-5DE7-43A4-97F1-157DA03FE6D4}.Debug|Any CPU.ActiveCfg = Debug|Any CPU
		{C06F09B9-5DE7-43A4-97F1-157DA03FE6D4}.Debug|Any CPU.Build.0 = Debug|Any CPU
		{C06F09B9-5DE7-43A4-97F1-157DA03FE6D4}.Release|Any CPU.ActiveCfg = Release|Any CPU
		{C06F09B9-5DE7-43A4-97F1-157DA03FE6D4}.Release|Any CPU.Build.0 = Release|Any CPU
	EndGlobalSection
	GlobalSection(SolutionProperties) = preSolution
		HideSolutionNode = FALSE
	EndGlobalSection
	GlobalSection(ExtensibilityGlobals) = postSolution
		SolutionGuid = {A75B9CE1-F6D5-4A74-B20C-81E053DD12FA}
	EndGlobalSection
EndGlobal
